
Microsoft Visual Studio Solution File, Format Version 11.00
# Visual Studio 2010
Project("{FAE04EC0-301F-11D3-BF4B-00C04F79EFBC}") = "SharpMock.Core", "SharpMock.Core\SharpMock.Core.csproj", "{3EE922DC-0821-4630-B51C-23EA4C4EF851}"
EndProject
Project("{FAE04EC0-301F-11D3-BF4B-00C04F79EFBC}") = "SharpMock.PostCompiler", "SharpMock.PostCompiler\SharpMock.PostCompiler.csproj", "{B3908E52-0DD1-41A8-89F7-21366C50EEA2}"
EndProject
Project("{2150E333-8FDC-42A3-9474-1A3956D46DE8}") = "ThirdParty", "ThirdParty", "{DF1E5528-F356-4B5E-BF1E-846E139A8B95}"
	ProjectSection(SolutionItems) = preProject
		ThirdParty\Microsoft.Cci.AstsProjectedAsCodeModel.dll = ThirdParty\Microsoft.Cci.AstsProjectedAsCodeModel.dll
		ThirdParty\Microsoft.Cci.CodeModel.dll = ThirdParty\Microsoft.Cci.CodeModel.dll
		ThirdParty\Microsoft.Cci.CodeModelToIL.dll = ThirdParty\Microsoft.Cci.CodeModelToIL.dll
		ThirdParty\Microsoft.Cci.ILGenerator.dll = ThirdParty\Microsoft.Cci.ILGenerator.dll
		ThirdParty\Microsoft.Cci.ILToCodeModel.dll = ThirdParty\Microsoft.Cci.ILToCodeModel.dll
		ThirdParty\Microsoft.Cci.MetadataModel.dll = ThirdParty\Microsoft.Cci.MetadataModel.dll
		ThirdParty\Microsoft.Cci.MutableCodeModel.dll = ThirdParty\Microsoft.Cci.MutableCodeModel.dll
		ThirdParty\Microsoft.Cci.MutableMetadataModel.dll = ThirdParty\Microsoft.Cci.MutableMetadataModel.dll
		ThirdParty\Microsoft.Cci.PdbReader.dll = ThirdParty\Microsoft.Cci.PdbReader.dll
		ThirdParty\Microsoft.Cci.PdbWriter.dll = ThirdParty\Microsoft.Cci.PdbWriter.dll
		ThirdParty\Microsoft.Cci.PeReader.dll = ThirdParty\Microsoft.Cci.PeReader.dll
		ThirdParty\Microsoft.Cci.PeWriter.dll = ThirdParty\Microsoft.Cci.PeWriter.dll
		ThirdParty\Microsoft.Cci.SourceModel.dll = ThirdParty\Microsoft.Cci.SourceModel.dll
	EndProjectSection
EndProject
Project("{2150E333-8FDC-42A3-9474-1A3956D46DE8}") = "TestAssemblies", "TestAssemblies", "{70A6FA28-98CC-4E2F-98AE-0CF8FC90D213}"
EndProject
Project("{2150E333-8FDC-42A3-9474-1A3956D46DE8}") = "Tests", "Tests", "{5603B709-9DBA-441B-88F8-7CCB5D8B3FC5}"
EndProject
Project("{FAE04EC0-301F-11D3-BF4B-00C04F79EFBC}") = "Scenarios", "TestAssemblies\Scenarios\Scenarios.csproj", "{87AEE727-15CD-4ED4-A2F1-0EA9AF036FA6}"
EndProject
Project("{FAE04EC0-301F-11D3-BF4B-00C04F79EFBC}") = "ScenarioDependencies", "TestAssemblies\ScenarioDependencies\ScenarioDependencies.csproj", "{4F935393-3A25-40C6-936C-E9B2122008D5}"
EndProject
Project("{FAE04EC0-301F-11D3-BF4B-00C04F79EFBC}") = "MethodInterceptionTests", "Tests\MethodInterceptionTests\MethodInterceptionTests.csproj", "{94A641F8-C52A-402D-BA42-F591322D29B4}"
EndProject
Project("{FAE04EC0-301F-11D3-BF4B-00C04F79EFBC}") = "MethodInterceptionTestsRunner", "Tests\MethodInterceptionTestsRunner\MethodInterceptionTestsRunner.csproj", "{84D765A6-73F0-4D43-98CA-7049C9AD4069}"
	ProjectSection(ProjectDependencies) = postProject
		{87AEE727-15CD-4ED4-A2F1-0EA9AF036FA6} = {87AEE727-15CD-4ED4-A2F1-0EA9AF036FA6}
		{B3908E52-0DD1-41A8-89F7-21366C50EEA2} = {B3908E52-0DD1-41A8-89F7-21366C50EEA2}
		{4F935393-3A25-40C6-936C-E9B2122008D5} = {4F935393-3A25-40C6-936C-E9B2122008D5}
		{3EE922DC-0821-4630-B51C-23EA4C4EF851} = {3EE922DC-0821-4630-B51C-23EA4C4EF851}
		{94A641F8-C52A-402D-BA42-F591322D29B4} = {94A641F8-C52A-402D-BA42-F591322D29B4}
	EndProjectSection
EndProject
Project("{FAE04EC0-301F-11D3-BF4B-00C04F79EFBC}") = "SyntaxTests", "Tests\SyntaxTests\SyntaxTests.csproj", "{80EBB678-A89F-414B-86C5-FF58FBAAA36F}"
EndProject
Project("{FAE04EC0-301F-11D3-BF4B-00C04F79EFBC}") = "SyntaxTestsRunner", "Tests\SyntaxTestsRunner\SyntaxTestsRunner.csproj", "{62FE0A10-83CC-4105-A783-40C3167F5CA0}"
	ProjectSection(ProjectDependencies) = postProject
		{87AEE727-15CD-4ED4-A2F1-0EA9AF036FA6} = {87AEE727-15CD-4ED4-A2F1-0EA9AF036FA6}
		{B3908E52-0DD1-41A8-89F7-21366C50EEA2} = {B3908E52-0DD1-41A8-89F7-21366C50EEA2}
		{80EBB678-A89F-414B-86C5-FF58FBAAA36F} = {80EBB678-A89F-414B-86C5-FF58FBAAA36F}
		{4F935393-3A25-40C6-936C-E9B2122008D5} = {4F935393-3A25-40C6-936C-E9B2122008D5}
	EndProjectSection
EndProject
Project("{FAE04EC0-301F-11D3-BF4B-00C04F79EFBC}") = "IntegrationTests", "Tests\IntegrationTests\IntegrationTests.csproj", "{3E4820EC-1D02-44BE-A686-EDE7934AB327}"
EndProject
Project("{FAE04EC0-301F-11D3-BF4B-00C04F79EFBC}") = "IntegrationTestsRunner", "Tests\IntegrationTestsRunner\IntegrationTestsRunner.csproj", "{40FE3B1D-9BE6-47FF-8208-5DE6BEC0AF6F}"
	ProjectSection(ProjectDependencies) = postProject
		{87AEE727-15CD-4ED4-A2F1-0EA9AF036FA6} = {87AEE727-15CD-4ED4-A2F1-0EA9AF036FA6}
		{4F935393-3A25-40C6-936C-E9B2122008D5} = {4F935393-3A25-40C6-936C-E9B2122008D5}
		{3E4820EC-1D02-44BE-A686-EDE7934AB327} = {3E4820EC-1D02-44BE-A686-EDE7934AB327}
	EndProjectSection
EndProject
Project("{FAE04EC0-301F-11D3-BF4B-00C04F79EFBC}") = "TestUtilities", "Tests\TestUtilities\TestUtilities.csproj", "{D82AC45B-2BD3-4108-A2F8-BA08D0D437D3}"
EndProject
Project("{FAE04EC0-301F-11D3-BF4B-00C04F79EFBC}") = "ConstructionTests", "Tests\ConstructionTests\ConstructionTests.csproj", "{80F2137D-0486-475A-A33A-98599B3DEBCE}"
EndProject
Project("{FAE04EC0-301F-11D3-BF4B-00C04F79EFBC}") = "ConstructionSamples", "TestAssemblies\ConstructionSamples\ConstructionSamples.csproj", "{0A694455-1513-4150-8F8D-AD9E1DD00510}"
EndProject
Project("{FAE04EC0-301F-11D3-BF4B-00C04F79EFBC}") = "DecompilerHelper", "TestAssemblies\DecompilerHelper\DecompilerHelper.csproj", "{4E21C199-EB44-4B2F-B865-B9884E95BFBD}"
EndProject
Project("{FAE04EC0-301F-11D3-BF4B-00C04F79EFBC}") = "TypeTranslationTests", "Tests\TypeTranslationTests\TypeTranslationTests.csproj", "{575EF2E4-3964-485B-B85D-C23F418BBDE5}"
EndProject
Global
	GlobalSection(SolutionConfigurationPlatforms) = preSolution
		Debug|Any CPU = Debug|Any CPU
		Debug|Mixed Platforms = Debug|Mixed Platforms
		Debug|x86 = Debug|x86
		Release|Any CPU = Release|Any CPU
		Release|Mixed Platforms = Release|Mixed Platforms
		Release|x86 = Release|x86
	EndGlobalSection
	GlobalSection(ProjectConfigurationPlatforms) = postSolution
		{3EE922DC-0821-4630-B51C-23EA4C4EF851}.Debug|Any CPU.ActiveCfg = Debug|Any CPU
		{3EE922DC-0821-4630-B51C-23EA4C4EF851}.Debug|Any CPU.Build.0 = Debug|Any CPU
		{3EE922DC-0821-4630-B51C-23EA4C4EF851}.Debug|Mixed Platforms.ActiveCfg = Debug|Any CPU
		{3EE922DC-0821-4630-B51C-23EA4C4EF851}.Debug|Mixed Platforms.Build.0 = Debug|Any CPU
		{3EE922DC-0821-4630-B51C-23EA4C4EF851}.Debug|x86.ActiveCfg = Debug|x86
		{3EE922DC-0821-4630-B51C-23EA4C4EF851}.Debug|x86.Build.0 = Debug|x86
		{3EE922DC-0821-4630-B51C-23EA4C4EF851}.Release|Any CPU.ActiveCfg = Release|Any CPU
		{3EE922DC-0821-4630-B51C-23EA4C4EF851}.Release|Any CPU.Build.0 = Release|Any CPU
		{3EE922DC-0821-4630-B51C-23EA4C4EF851}.Release|Mixed Platforms.ActiveCfg = Release|Any CPU
		{3EE922DC-0821-4630-B51C-23EA4C4EF851}.Release|Mixed Platforms.Build.0 = Release|Any CPU
		{3EE922DC-0821-4630-B51C-23EA4C4EF851}.Release|x86.ActiveCfg = Release|Any CPU
		{B3908E52-0DD1-41A8-89F7-21366C50EEA2}.Debug|Any CPU.ActiveCfg = Debug|Any CPU
		{B3908E52-0DD1-41A8-89F7-21366C50EEA2}.Debug|Any CPU.Build.0 = Debug|Any CPU
		{B3908E52-0DD1-41A8-89F7-21366C50EEA2}.Debug|Mixed Platforms.ActiveCfg = Debug|x86
		{B3908E52-0DD1-41A8-89F7-21366C50EEA2}.Debug|Mixed Platforms.Build.0 = Debug|x86
		{B3908E52-0DD1-41A8-89F7-21366C50EEA2}.Debug|x86.ActiveCfg = Debug|x86
		{B3908E52-0DD1-41A8-89F7-21366C50EEA2}.Debug|x86.Build.0 = Debug|x86
		{B3908E52-0DD1-41A8-89F7-21366C50EEA2}.Release|Any CPU.ActiveCfg = Release|x86
		{B3908E52-0DD1-41A8-89F7-21366C50EEA2}.Release|Mixed Platforms.ActiveCfg = Release|x86
		{B3908E52-0DD1-41A8-89F7-21366C50EEA2}.Release|Mixed Platforms.Build.0 = Release|x86
		{B3908E52-0DD1-41A8-89F7-21366C50EEA2}.Release|x86.ActiveCfg = Release|x86
		{B3908E52-0DD1-41A8-89F7-21366C50EEA2}.Release|x86.Build.0 = Release|x86
		{87AEE727-15CD-4ED4-A2F1-0EA9AF036FA6}.Debug|Any CPU.ActiveCfg = Debug|Any CPU
		{87AEE727-15CD-4ED4-A2F1-0EA9AF036FA6}.Debug|Any CPU.Build.0 = Debug|Any CPU
		{87AEE727-15CD-4ED4-A2F1-0EA9AF036FA6}.Debug|Mixed Platforms.ActiveCfg = Debug|x86
		{87AEE727-15CD-4ED4-A2F1-0EA9AF036FA6}.Debug|Mixed Platforms.Build.0 = Debug|x86
		{87AEE727-15CD-4ED4-A2F1-0EA9AF036FA6}.Debug|x86.ActiveCfg = Debug|x86
		{87AEE727-15CD-4ED4-A2F1-0EA9AF036FA6}.Debug|x86.Build.0 = Debug|x86
		{87AEE727-15CD-4ED4-A2F1-0EA9AF036FA6}.Release|Any CPU.ActiveCfg = Release|x86
		{87AEE727-15CD-4ED4-A2F1-0EA9AF036FA6}.Release|Mixed Platforms.ActiveCfg = Release|x86
		{87AEE727-15CD-4ED4-A2F1-0EA9AF036FA6}.Release|Mixed Platforms.Build.0 = Release|x86
		{87AEE727-15CD-4ED4-A2F1-0EA9AF036FA6}.Release|x86.ActiveCfg = Release|x86
		{87AEE727-15CD-4ED4-A2F1-0EA9AF036FA6}.Release|x86.Build.0 = Release|x86
		{4F935393-3A25-40C6-936C-E9B2122008D5}.Debug|Any CPU.ActiveCfg = Debug|Any CPU
		{4F935393-3A25-40C6-936C-E9B2122008D5}.Debug|Any CPU.Build.0 = Debug|Any CPU
		{4F935393-3A25-40C6-936C-E9B2122008D5}.Debug|Mixed Platforms.ActiveCfg = Debug|x86
		{4F935393-3A25-40C6-936C-E9B2122008D5}.Debug|Mixed Platforms.Build.0 = Debug|x86
		{4F935393-3A25-40C6-936C-E9B2122008D5}.Debug|x86.ActiveCfg = Debug|x86
		{4F935393-3A25-40C6-936C-E9B2122008D5}.Debug|x86.Build.0 = Debug|x86
		{4F935393-3A25-40C6-936C-E9B2122008D5}.Release|Any CPU.ActiveCfg = Release|x86
		{4F935393-3A25-40C6-936C-E9B2122008D5}.Release|Mixed Platforms.ActiveCfg = Release|x86
		{4F935393-3A25-40C6-936C-E9B2122008D5}.Release|Mixed Platforms.Build.0 = Release|x86
		{4F935393-3A25-40C6-936C-E9B2122008D5}.Release|x86.ActiveCfg = Release|x86
		{4F935393-3A25-40C6-936C-E9B2122008D5}.Release|x86.Build.0 = Release|x86
		{94A641F8-C52A-402D-BA42-F591322D29B4}.Debug|Any CPU.ActiveCfg = Debug|Any CPU
		{94A641F8-C52A-402D-BA42-F591322D29B4}.Debug|Any CPU.Build.0 = Debug|Any CPU
		{94A641F8-C52A-402D-BA42-F591322D29B4}.Debug|Mixed Platforms.ActiveCfg = Debug|Any CPU
		{94A641F8-C52A-402D-BA42-F591322D29B4}.Debug|Mixed Platforms.Build.0 = Debug|Any CPU
		{94A641F8-C52A-402D-BA42-F591322D29B4}.Debug|x86.ActiveCfg = Debug|x86
		{94A641F8-C52A-402D-BA42-F591322D29B4}.Debug|x86.Build.0 = Debug|x86
		{94A641F8-C52A-402D-BA42-F591322D29B4}.Release|Any CPU.ActiveCfg = Release|Any CPU
		{94A641F8-C52A-402D-BA42-F591322D29B4}.Release|Any CPU.Build.0 = Release|Any CPU
		{94A641F8-C52A-402D-BA42-F591322D29B4}.Release|Mixed Platforms.ActiveCfg = Release|Any CPU
		{94A641F8-C52A-402D-BA42-F591322D29B4}.Release|Mixed Platforms.Build.0 = Release|Any CPU
		{94A641F8-C52A-402D-BA42-F591322D29B4}.Release|x86.ActiveCfg = Release|Any CPU
		{84D765A6-73F0-4D43-98CA-7049C9AD4069}.Debug|Any CPU.ActiveCfg = Debug|Any CPU
		{84D765A6-73F0-4D43-98CA-7049C9AD4069}.Debug|Any CPU.Build.0 = Debug|Any CPU
		{84D765A6-73F0-4D43-98CA-7049C9AD4069}.Debug|Mixed Platforms.ActiveCfg = Debug|x86
		{84D765A6-73F0-4D43-98CA-7049C9AD4069}.Debug|Mixed Platforms.Build.0 = Debug|x86
		{84D765A6-73F0-4D43-98CA-7049C9AD4069}.Debug|x86.ActiveCfg = Debug|x86
		{84D765A6-73F0-4D43-98CA-7049C9AD4069}.Debug|x86.Build.0 = Debug|x86
		{84D765A6-73F0-4D43-98CA-7049C9AD4069}.Release|Any CPU.ActiveCfg = Release|x86
		{84D765A6-73F0-4D43-98CA-7049C9AD4069}.Release|Mixed Platforms.ActiveCfg = Release|x86
		{84D765A6-73F0-4D43-98CA-7049C9AD4069}.Release|Mixed Platforms.Build.0 = Release|x86
		{84D765A6-73F0-4D43-98CA-7049C9AD4069}.Release|x86.ActiveCfg = Release|x86
		{84D765A6-73F0-4D43-98CA-7049C9AD4069}.Release|x86.Build.0 = Release|x86
		{80EBB678-A89F-414B-86C5-FF58FBAAA36F}.Debug|Any CPU.ActiveCfg = Debug|Any CPU
		{80EBB678-A89F-414B-86C5-FF58FBAAA36F}.Debug|Any CPU.Build.0 = Debug|Any CPU
		{80EBB678-A89F-414B-86C5-FF58FBAAA36F}.Debug|Mixed Platforms.ActiveCfg = Debug|Any CPU
		{80EBB678-A89F-414B-86C5-FF58FBAAA36F}.Debug|Mixed Platforms.Build.0 = Debug|Any CPU
		{80EBB678-A89F-414B-86C5-FF58FBAAA36F}.Debug|x86.ActiveCfg = Debug|x86
		{80EBB678-A89F-414B-86C5-FF58FBAAA36F}.Debug|x86.Build.0 = Debug|x86
		{80EBB678-A89F-414B-86C5-FF58FBAAA36F}.Release|Any CPU.ActiveCfg = Release|Any CPU
		{80EBB678-A89F-414B-86C5-FF58FBAAA36F}.Release|Any CPU.Build.0 = Release|Any CPU
		{80EBB678-A89F-414B-86C5-FF58FBAAA36F}.Release|Mixed Platforms.ActiveCfg = Release|Any CPU
		{80EBB678-A89F-414B-86C5-FF58FBAAA36F}.Release|Mixed Platforms.Build.0 = Release|Any CPU
		{80EBB678-A89F-414B-86C5-FF58FBAAA36F}.Release|x86.ActiveCfg = Release|Any CPU
		{62FE0A10-83CC-4105-A783-40C3167F5CA0}.Debug|Any CPU.ActiveCfg = Debug|Any CPU
		{62FE0A10-83CC-4105-A783-40C3167F5CA0}.Debug|Any CPU.Build.0 = Debug|Any CPU
		{62FE0A10-83CC-4105-A783-40C3167F5CA0}.Debug|Mixed Platforms.ActiveCfg = Debug|x86
		{62FE0A10-83CC-4105-A783-40C3167F5CA0}.Debug|Mixed Platforms.Build.0 = Debug|x86
		{62FE0A10-83CC-4105-A783-40C3167F5CA0}.Debug|x86.ActiveCfg = Debug|x86
		{62FE0A10-83CC-4105-A783-40C3167F5CA0}.Debug|x86.Build.0 = Debug|x86
		{62FE0A10-83CC-4105-A783-40C3167F5CA0}.Release|Any CPU.ActiveCfg = Release|x86
		{62FE0A10-83CC-4105-A783-40C3167F5CA0}.Release|Mixed Platforms.ActiveCfg = Release|x86
		{62FE0A10-83CC-4105-A783-40C3167F5CA0}.Release|Mixed Platforms.Build.0 = Release|x86
		{62FE0A10-83CC-4105-A783-40C3167F5CA0}.Release|x86.ActiveCfg = Release|x86
		{62FE0A10-83CC-4105-A783-40C3167F5CA0}.Release|x86.Build.0 = Release|x86
		{3E4820EC-1D02-44BE-A686-EDE7934AB327}.Debug|Any CPU.ActiveCfg = Debug|Any CPU
		{3E4820EC-1D02-44BE-A686-EDE7934AB327}.Debug|Any CPU.Build.0 = Debug|Any CPU
		{3E4820EC-1D02-44BE-A686-EDE7934AB327}.Debug|Mixed Platforms.ActiveCfg = Debug|Any CPU
		{3E4820EC-1D02-44BE-A686-EDE7934AB327}.Debug|Mixed Platforms.Build.0 = Debug|Any CPU
		{3E4820EC-1D02-44BE-A686-EDE7934AB327}.Debug|x86.ActiveCfg = Debug|x86
		{3E4820EC-1D02-44BE-A686-EDE7934AB327}.Debug|x86.Build.0 = Debug|x86
		{3E4820EC-1D02-44BE-A686-EDE7934AB327}.Release|Any CPU.ActiveCfg = Release|Any CPU
		{3E4820EC-1D02-44BE-A686-EDE7934AB327}.Release|Any CPU.Build.0 = Release|Any CPU
		{3E4820EC-1D02-44BE-A686-EDE7934AB327}.Release|Mixed Platforms.ActiveCfg = Release|Any CPU
		{3E4820EC-1D02-44BE-A686-EDE7934AB327}.Release|Mixed Platforms.Build.0 = Release|Any CPU
		{3E4820EC-1D02-44BE-A686-EDE7934AB327}.Release|x86.ActiveCfg = Release|Any CPU
		{40FE3B1D-9BE6-47FF-8208-5DE6BEC0AF6F}.Debug|Any CPU.ActiveCfg = Debug|Any CPU
		{40FE3B1D-9BE6-47FF-8208-5DE6BEC0AF6F}.Debug|Any CPU.Build.0 = Debug|Any CPU
		{40FE3B1D-9BE6-47FF-8208-5DE6BEC0AF6F}.Debug|Mixed Platforms.ActiveCfg = Debug|Any CPU
		{40FE3B1D-9BE6-47FF-8208-5DE6BEC0AF6F}.Debug|Mixed Platforms.Build.0 = Debug|Any CPU
		{40FE3B1D-9BE6-47FF-8208-5DE6BEC0AF6F}.Debug|x86.ActiveCfg = Debug|x86
		{40FE3B1D-9BE6-47FF-8208-5DE6BEC0AF6F}.Debug|x86.Build.0 = Debug|x86
		{40FE3B1D-9BE6-47FF-8208-5DE6BEC0AF6F}.Release|Any CPU.ActiveCfg = Release|Any CPU
		{40FE3B1D-9BE6-47FF-8208-5DE6BEC0AF6F}.Release|Any CPU.Build.0 = Release|Any CPU
		{40FE3B1D-9BE6-47FF-8208-5DE6BEC0AF6F}.Release|Mixed Platforms.ActiveCfg = Release|Any CPU
		{40FE3B1D-9BE6-47FF-8208-5DE6BEC0AF6F}.Release|Mixed Platforms.Build.0 = Release|Any CPU
		{40FE3B1D-9BE6-47FF-8208-5DE6BEC0AF6F}.Release|x86.ActiveCfg = Release|Any CPU
		{D82AC45B-2BD3-4108-A2F8-BA08D0D437D3}.Debug|Any CPU.ActiveCfg = Debug|Any CPU
		{D82AC45B-2BD3-4108-A2F8-BA08D0D437D3}.Debug|Any CPU.Build.0 = Debug|Any CPU
		{D82AC45B-2BD3-4108-A2F8-BA08D0D437D3}.Debug|Mixed Platforms.ActiveCfg = Debug|Any CPU
		{D82AC45B-2BD3-4108-A2F8-BA08D0D437D3}.Debug|Mixed Platforms.Build.0 = Debug|Any CPU
		{D82AC45B-2BD3-4108-A2F8-BA08D0D437D3}.Debug|x86.ActiveCfg = Debug|Any CPU
		{D82AC45B-2BD3-4108-A2F8-BA08D0D437D3}.Release|Any CPU.ActiveCfg = Release|Any CPU
		{D82AC45B-2BD3-4108-A2F8-BA08D0D437D3}.Release|Any CPU.Build.0 = Release|Any CPU
		{D82AC45B-2BD3-4108-A2F8-BA08D0D437D3}.Release|Mixed Platforms.ActiveCfg = Release|Any CPU
		{D82AC45B-2BD3-4108-A2F8-BA08D0D437D3}.Release|Mixed Platforms.Build.0 = Release|Any CPU
		{D82AC45B-2BD3-4108-A2F8-BA08D0D437D3}.Release|x86.ActiveCfg = Release|Any CPU
		{80F2137D-0486-475A-A33A-98599B3DEBCE}.Debug|Any CPU.ActiveCfg = Debug|Any CPU
		{80F2137D-0486-475A-A33A-98599B3DEBCE}.Debug|Any CPU.Build.0 = Debug|Any CPU
		{80F2137D-0486-475A-A33A-98599B3DEBCE}.Debug|Mixed Platforms.ActiveCfg = Debug|Any CPU
		{80F2137D-0486-475A-A33A-98599B3DEBCE}.Debug|Mixed Platforms.Build.0 = Debug|Any CPU
		{80F2137D-0486-475A-A33A-98599B3DEBCE}.Debug|x86.ActiveCfg = Debug|Any CPU
		{80F2137D-0486-475A-A33A-98599B3DEBCE}.Release|Any CPU.ActiveCfg = Release|Any CPU
		{80F2137D-0486-475A-A33A-98599B3DEBCE}.Release|Any CPU.Build.0 = Release|Any CPU
		{80F2137D-0486-475A-A33A-98599B3DEBCE}.Release|Mixed Platforms.ActiveCfg = Release|Any CPU
		{80F2137D-0486-475A-A33A-98599B3DEBCE}.Release|Mixed Platforms.Build.0 = Release|Any CPU
		{80F2137D-0486-475A-A33A-98599B3DEBCE}.Release|x86.ActiveCfg = Release|Any CPU
		{0A694455-1513-4150-8F8D-AD9E1DD00510}.Debug|Any CPU.ActiveCfg = Debug|Any CPU
		{0A694455-1513-4150-8F8D-AD9E1DD00510}.Debug|Any CPU.Build.0 = Debug|Any CPU
		{0A694455-1513-4150-8F8D-AD9E1DD00510}.Debug|Mixed Platforms.ActiveCfg = Debug|Any CPU
		{0A694455-1513-4150-8F8D-AD9E1DD00510}.Debug|Mixed Platforms.Build.0 = Debug|Any CPU
		{0A694455-1513-4150-8F8D-AD9E1DD00510}.Debug|x86.ActiveCfg = Debug|Any CPU
		{0A694455-1513-4150-8F8D-AD9E1DD00510}.Release|Any CPU.ActiveCfg = Release|Any CPU
		{0A694455-1513-4150-8F8D-AD9E1DD00510}.Release|Any CPU.Build.0 = Release|Any CPU
		{0A694455-1513-4150-8F8D-AD9E1DD00510}.Release|Mixed Platforms.ActiveCfg = Release|Any CPU
		{0A694455-1513-4150-8F8D-AD9E1DD00510}.Release|Mixed Platforms.Build.0 = Release|Any CPU
		{0A694455-1513-4150-8F8D-AD9E1DD00510}.Release|x86.ActiveCfg = Release|Any CPU
		{4E21C199-EB44-4B2F-B865-B9884E95BFBD}.Debug|Any CPU.ActiveCfg = Debug|Any CPU
		{4E21C199-EB44-4B2F-B865-B9884E95BFBD}.Debug|Any CPU.Build.0 = Debug|Any CPU
		{4E21C199-EB44-4B2F-B865-B9884E95BFBD}.Debug|Mixed Platforms.ActiveCfg = Debug|Any CPU
		{4E21C199-EB44-4B2F-B865-B9884E95BFBD}.Debug|Mixed Platforms.Build.0 = Debug|Any CPU
		{4E21C199-EB44-4B2F-B865-B9884E95BFBD}.Debug|x86.ActiveCfg = Debug|Any CPU
		{4E21C199-EB44-4B2F-B865-B9884E95BFBD}.Release|Any CPU.ActiveCfg = Release|Any CPU
		{4E21C199-EB44-4B2F-B865-B9884E95BFBD}.Release|Any CPU.Build.0 = Release|Any CPU
		{4E21C199-EB44-4B2F-B865-B9884E95BFBD}.Release|Mixed Platforms.ActiveCfg = Release|Any CPU
		{4E21C199-EB44-4B2F-B865-B9884E95BFBD}.Release|Mixed Platforms.Build.0 = Release|Any CPU
		{4E21C199-EB44-4B2F-B865-B9884E95BFBD}.Release|x86.ActiveCfg = Release|Any CPU
		{575EF2E4-3964-485B-B85D-C23F418BBDE5}.Debug|Any CPU.ActiveCfg = Debug|Any CPU
		{575EF2E4-3964-485B-B85D-C23F418BBDE5}.Debug|Any CPU.Build.0 = Debug|Any CPU
		{575EF2E4-3964-485B-B85D-C23F418BBDE5}.Debug|Mixed Platforms.ActiveCfg = Debug|Any CPU
		{575EF2E4-3964-485B-B85D-C23F418BBDE5}.Debug|Mixed Platforms.Build.0 = Debug|Any CPU
		{575EF2E4-3964-485B-B85D-C23F418BBDE5}.Debug|x86.ActiveCfg = Debug|Any CPU
		{575EF2E4-3964-485B-B85D-C23F418BBDE5}.Release|Any CPU.ActiveCfg = Release|Any CPU
		{575EF2E4-3964-485B-B85D-C23F418BBDE5}.Release|Any CPU.Build.0 = Release|Any CPU
		{575EF2E4-3964-485B-B85D-C23F418BBDE5}.Release|Mixed Platforms.ActiveCfg = Release|Any CPU
		{575EF2E4-3964-485B-B85D-C23F418BBDE5}.Release|Mixed Platforms.Build.0 = Release|Any CPU
		{575EF2E4-3964-485B-B85D-C23F418BBDE5}.Release|x86.ActiveCfg = Release|Any CPU
	EndGlobalSection
	GlobalSection(SolutionProperties) = preSolution
		HideSolutionNode = FALSE
	EndGlobalSection
	GlobalSection(NestedProjects) = preSolution
		{87AEE727-15CD-4ED4-A2F1-0EA9AF036FA6} = {70A6FA28-98CC-4E2F-98AE-0CF8FC90D213}
		{4F935393-3A25-40C6-936C-E9B2122008D5} = {70A6FA28-98CC-4E2F-98AE-0CF8FC90D213}
		{0A694455-1513-4150-8F8D-AD9E1DD00510} = {70A6FA28-98CC-4E2F-98AE-0CF8FC90D213}
		{4E21C199-EB44-4B2F-B865-B9884E95BFBD} = {70A6FA28-98CC-4E2F-98AE-0CF8FC90D213}
		{94A641F8-C52A-402D-BA42-F591322D29B4} = {5603B709-9DBA-441B-88F8-7CCB5D8B3FC5}
		{84D765A6-73F0-4D43-98CA-7049C9AD4069} = {5603B709-9DBA-441B-88F8-7CCB5D8B3FC5}
		{80EBB678-A89F-414B-86C5-FF58FBAAA36F} = {5603B709-9DBA-441B-88F8-7CCB5D8B3FC5}
		{62FE0A10-83CC-4105-A783-40C3167F5CA0} = {5603B709-9DBA-441B-88F8-7CCB5D8B3FC5}
		{3E4820EC-1D02-44BE-A686-EDE7934AB327} = {5603B709-9DBA-441B-88F8-7CCB5D8B3FC5}
		{40FE3B1D-9BE6-47FF-8208-5DE6BEC0AF6F} = {5603B709-9DBA-441B-88F8-7CCB5D8B3FC5}
		{D82AC45B-2BD3-4108-A2F8-BA08D0D437D3} = {5603B709-9DBA-441B-88F8-7CCB5D8B3FC5}
		{80F2137D-0486-475A-A33A-98599B3DEBCE} = {5603B709-9DBA-441B-88F8-7CCB5D8B3FC5}
		{575EF2E4-3964-485B-B85D-C23F418BBDE5} = {5603B709-9DBA-441B-88F8-7CCB5D8B3FC5}
	EndGlobalSection
EndGlobal
